
Microsoft Visual Studio Solution File, Format Version 12.00
# Visual Studio 15
VisualStudioVersion = 15.0.27428.2037
MinimumVisualStudioVersion = 10.0.40219.1
Project("{FAE04EC0-301F-11D3-BF4B-00C04F79EFBC}") = "Server", "Server\Server.csproj", "{7348F652-59CB-42AA-9BE5-9A0E0B82BB3C}"
EndProject
Global
	GlobalSection(SolutionConfigurationPlatforms) = preSolution
		Debug|Any CPU = Debug|Any CPU
		Release|Any CPU = Release|Any CPU
	EndGlobalSection
	GlobalSection(ProjectConfigurationPlatforms) = postSolution
		{7348F652-59CB-42AA-9BE5-9A0E0B82BB3C}.Debug|Any CPU.ActiveCfg = Debug|Any CPU
		{7348F652-59CB-42AA-9BE5-9A0E0B82BB3C}.Debug|Any CPU.Build.0 = Debug|Any CPU
		{7348F652-59CB-42AA-9BE5-9A0E0B82BB3C}.Release|Any CPU.ActiveCfg = Release|Any CPU
		{7348F652-59CB-42AA-9BE5-9A0E0B82BB3C}.Release|Any CPU.Build.0 = Release|Any CPU
	EndGlobalSection
	GlobalSection(SolutionProperties) = preSolution
		HideSolutionNode = FALSE
	EndGlobalSection
	GlobalSection(ExtensibilityGlobals) = postSolution
		SolutionGuid = {BC6E565B-A94C-4ACF-9704-6FBD0310AC91}
	EndGlobalSection
EndGlobal
